
Microsoft Visual Studio Solution File, Format Version 11.00
# Visual Studio 2010
Project("{FAE04EC0-301F-11D3-BF4B-00C04F79EFBC}") = "calculator", "calculator\calculator.csproj", "{8E8897D1-7778-4C8E-892D-EC12C6A8E94E}"
EndProject
Global
	GlobalSection(SolutionConfigurationPlatforms) = preSolution
		Debug|x86 = Debug|x86
		Release|x86 = Release|x86
	EndGlobalSection
	GlobalSection(ProjectConfigurationPlatforms) = postSolution
		{8E8897D1-7778-4C8E-892D-EC12C6A8E94E}.Debug|x86.ActiveCfg = Debug|x86
		{8E8897D1-7778-4C8E-892D-EC12C6A8E94E}.Debug|x86.Build.0 = Debug|x86
		{8E8897D1-7778-4C8E-892D-EC12C6A8E94E}.Release|x86.ActiveCfg = Release|x86
		{8E8897D1-7778-4C8E-892D-EC12C6A8E94E}.Release|x86.Build.0 = Release|x86
	EndGlobalSection
	GlobalSection(SolutionProperties) = preSolution
		HideSolutionNode = FALSE
	EndGlobalSection
EndGlobal
